
Microsoft Visual Studio Solution File, Format Version 12.00
# Visual Studio 15
VisualStudioVersion = 15.0.28307.421
MinimumVisualStudioVersion = 10.0.40219.1
Project("{FAE04EC0-301F-11D3-BF4B-00C04F79EFBC}") = "MultilevelInheritance", "MultilevelInheritance\MultilevelInheritance.csproj", "{570EB03C-1BA5-46A9-978B-091BD378D5AB}"
EndProject
Global
	GlobalSection(SolutionConfigurationPlatforms) = preSolution
		Debug|Any CPU = Debug|Any CPU
		Release|Any CPU = Release|Any CPU
	EndGlobalSection
	GlobalSection(ProjectConfigurationPlatforms) = postSolution
		{570EB03C-1BA5-46A9-978B-091BD378D5AB}.Debug|Any CPU.ActiveCfg = Debug|Any CPU
		{570EB03C-1BA5-46A9-978B-091BD378D5AB}.Debug|Any CPU.Build.0 = Debug|Any CPU
		{570EB03C-1BA5-46A9-978B-091BD378D5AB}.Release|Any CPU.ActiveCfg = Release|Any CPU
		{570EB03C-1BA5-46A9-978B-091BD378D5AB}.Release|Any CPU.Build.0 = Release|Any CPU
	EndGlobalSection
	GlobalSection(SolutionProperties) = preSolution
		HideSolutionNode = FALSE
	EndGlobalSection
	GlobalSection(ExtensibilityGlobals) = postSolution
		SolutionGuid = {AAD3E1CE-931C-4A76-B52E-99473CC37242}
	EndGlobalSection
EndGlobal
